
Microsoft Visual Studio Solution File, Format Version 12.00
# Visual Studio Version 17
VisualStudioVersion = 17.6.33815.320
MinimumVisualStudioVersion = 10.0.40219.1
Project("{FAE04EC0-301F-11D3-BF4B-00C04F79EFBC}") = "Ques1", "Ques1\Ques1.csproj", "{35AE386E-758F-49F1-8A40-26630150DBA7}"
EndProject
Global
	GlobalSection(SolutionConfigurationPlatforms) = preSolution
		Debug|Any CPU = Debug|Any CPU
		Release|Any CPU = Release|Any CPU
	EndGlobalSection
	GlobalSection(ProjectConfigurationPlatforms) = postSolution
		{35AE386E-758F-49F1-8A40-26630150DBA7}.Debug|Any CPU.ActiveCfg = Debug|Any CPU
		{35AE386E-758F-49F1-8A40-26630150DBA7}.Debug|Any CPU.Build.0 = Debug|Any CPU
		{35AE386E-758F-49F1-8A40-26630150DBA7}.Release|Any CPU.ActiveCfg = Release|Any CPU
		{35AE386E-758F-49F1-8A40-26630150DBA7}.Release|Any CPU.Build.0 = Release|Any CPU
	EndGlobalSection
	GlobalSection(SolutionProperties) = preSolution
		HideSolutionNode = FALSE
	EndGlobalSection
	GlobalSection(ExtensibilityGlobals) = postSolution
		SolutionGuid = {6F534ED3-1881-41C5-8D77-ADF4ABC6E8A8}
	EndGlobalSection
EndGlobal
